
Microsoft Visual Studio Solution File, Format Version 12.00
# Visual Studio Version 16
VisualStudioVersion = 16.0.30907.101
MinimumVisualStudioVersion = 10.0.40219.1
Project("{9A19103F-16F7-4668-BE54-9A1E7A4F7556}") = "AuthorizationServerBlazor.Server", "AuthorizationServerBlazor\Server\AuthorizationServerBlazor.Server.csproj", "{D22DD0D1-2D0B-48E1-8683-C0F75FE56914}"
EndProject
Project("{9A19103F-16F7-4668-BE54-9A1E7A4F7556}") = "AuthorizationServerBlazor.Client", "AuthorizationServerBlazor\Client\AuthorizationServerBlazor.Client.csproj", "{0A223DDB-CF85-4FDE-9A67-454A998F95F7}"
EndProject
Project("{9A19103F-16F7-4668-BE54-9A1E7A4F7556}") = "AuthorizationServerBlazor.Shared", "AuthorizationServerBlazor\Shared\AuthorizationServerBlazor.Shared.csproj", "{468D4DC5-ADB6-4C80-BF2C-7A1763F47E23}"
EndProject
Project("{2150E333-8FDC-42A3-9474-1A3956D46DE8}") = "Solution Items", "Solution Items", "{B694A6C2-5AF1-41D6-8335-BA7869749A5B}"
	ProjectSection(SolutionItems) = preProject
		IS4MigracionesInfo.txt = IS4MigracionesInfo.txt
	EndProjectSection
EndProject
Global
	GlobalSection(SolutionConfigurationPlatforms) = preSolution
		Debug|Any CPU = Debug|Any CPU
		Release|Any CPU = Release|Any CPU
	EndGlobalSection
	GlobalSection(ProjectConfigurationPlatforms) = postSolution
		{D22DD0D1-2D0B-48E1-8683-C0F75FE56914}.Debug|Any CPU.ActiveCfg = Debug|Any CPU
		{D22DD0D1-2D0B-48E1-8683-C0F75FE56914}.Debug|Any CPU.Build.0 = Debug|Any CPU
		{D22DD0D1-2D0B-48E1-8683-C0F75FE56914}.Release|Any CPU.ActiveCfg = Release|Any CPU
		{D22DD0D1-2D0B-48E1-8683-C0F75FE56914}.Release|Any CPU.Build.0 = Release|Any CPU
		{0A223DDB-CF85-4FDE-9A67-454A998F95F7}.Debug|Any CPU.ActiveCfg = Debug|Any CPU
		{0A223DDB-CF85-4FDE-9A67-454A998F95F7}.Debug|Any CPU.Build.0 = Debug|Any CPU
		{0A223DDB-CF85-4FDE-9A67-454A998F95F7}.Release|Any CPU.ActiveCfg = Release|Any CPU
		{0A223DDB-CF85-4FDE-9A67-454A998F95F7}.Release|Any CPU.Build.0 = Release|Any CPU
		{468D4DC5-ADB6-4C80-BF2C-7A1763F47E23}.Debug|Any CPU.ActiveCfg = Debug|Any CPU
		{468D4DC5-ADB6-4C80-BF2C-7A1763F47E23}.Debug|Any CPU.Build.0 = Debug|Any CPU
		{468D4DC5-ADB6-4C80-BF2C-7A1763F47E23}.Release|Any CPU.ActiveCfg = Release|Any CPU
		{468D4DC5-ADB6-4C80-BF2C-7A1763F47E23}.Release|Any CPU.Build.0 = Release|Any CPU
	EndGlobalSection
	GlobalSection(SolutionProperties) = preSolution
		HideSolutionNode = FALSE
	EndGlobalSection
	GlobalSection(ExtensibilityGlobals) = postSolution
		SolutionGuid = {033417A0-583F-4338-B767-2BFB17DC8D77}
	EndGlobalSection
EndGlobal
