
Microsoft Visual Studio Solution File, Format Version 12.00
# Visual Studio Version 16
VisualStudioVersion = 16.0.30907.101
MinimumVisualStudioVersion = 10.0.40219.1
Project("{FAE04EC0-301F-11D3-BF4B-00C04F79EFBC}") = "AuthorizationCodeFlowBlazor", "AuthorizationCodeFlowBlazor\AuthorizationCodeFlowBlazor.csproj", "{3D2693FA-C69B-4148-9190-C717283A7223}"
EndProject
Global
	GlobalSection(SolutionConfigurationPlatforms) = preSolution
		Debug|Any CPU = Debug|Any CPU
		Release|Any CPU = Release|Any CPU
	EndGlobalSection
	GlobalSection(ProjectConfigurationPlatforms) = postSolution
		{3D2693FA-C69B-4148-9190-C717283A7223}.Debug|Any CPU.ActiveCfg = Debug|Any CPU
		{3D2693FA-C69B-4148-9190-C717283A7223}.Debug|Any CPU.Build.0 = Debug|Any CPU
		{3D2693FA-C69B-4148-9190-C717283A7223}.Release|Any CPU.ActiveCfg = Release|Any CPU
		{3D2693FA-C69B-4148-9190-C717283A7223}.Release|Any CPU.Build.0 = Release|Any CPU
	EndGlobalSection
	GlobalSection(SolutionProperties) = preSolution
		HideSolutionNode = FALSE
	EndGlobalSection
	GlobalSection(ExtensibilityGlobals) = postSolution
		SolutionGuid = {82BD8AEA-55A0-412A-B852-946885E15D85}
	EndGlobalSection
EndGlobal
