
Microsoft Visual Studio Solution File, Format Version 12.00
# Visual Studio Version 16
VisualStudioVersion = 16.0.30907.101
MinimumVisualStudioVersion = 10.0.40219.1
Project("{9A19103F-16F7-4668-BE54-9A1E7A4F7556}") = "ClientCredentialsFlow", "ClientCredentialsFlow\ClientCredentialsFlow.csproj", "{E3F3EA49-6385-416E-A35C-854DC97F223A}"
EndProject
Project("{9A19103F-16F7-4668-BE54-9A1E7A4F7556}") = "ResourceOwnerPasswordCredentialsFlow", "ResourceOwnerPasswordCredentialsFlow\ResourceOwnerPasswordCredentialsFlow.csproj", "{9BC15B1A-62F4-41DD-9A80-BEF64DBAE961}"
EndProject
Global
	GlobalSection(SolutionConfigurationPlatforms) = preSolution
		Debug|Any CPU = Debug|Any CPU
		Release|Any CPU = Release|Any CPU
	EndGlobalSection
	GlobalSection(ProjectConfigurationPlatforms) = postSolution
		{E3F3EA49-6385-416E-A35C-854DC97F223A}.Debug|Any CPU.ActiveCfg = Debug|Any CPU
		{E3F3EA49-6385-416E-A35C-854DC97F223A}.Debug|Any CPU.Build.0 = Debug|Any CPU
		{E3F3EA49-6385-416E-A35C-854DC97F223A}.Release|Any CPU.ActiveCfg = Release|Any CPU
		{E3F3EA49-6385-416E-A35C-854DC97F223A}.Release|Any CPU.Build.0 = Release|Any CPU
		{9BC15B1A-62F4-41DD-9A80-BEF64DBAE961}.Debug|Any CPU.ActiveCfg = Debug|Any CPU
		{9BC15B1A-62F4-41DD-9A80-BEF64DBAE961}.Debug|Any CPU.Build.0 = Debug|Any CPU
		{9BC15B1A-62F4-41DD-9A80-BEF64DBAE961}.Release|Any CPU.ActiveCfg = Release|Any CPU
		{9BC15B1A-62F4-41DD-9A80-BEF64DBAE961}.Release|Any CPU.Build.0 = Release|Any CPU
	EndGlobalSection
	GlobalSection(SolutionProperties) = preSolution
		HideSolutionNode = FALSE
	EndGlobalSection
	GlobalSection(ExtensibilityGlobals) = postSolution
		SolutionGuid = {8B8FB000-A3CA-4C5E-A312-0F2FD9644EC1}
	EndGlobalSection
EndGlobal
